PODS:
  - BarcodeScanner (5.0.0)

DEPENDENCIES:
  - BarcodeScanner (from `~/Projects/iOS/BarcodeScanner`)

EXTERNAL SOURCES:
  BarcodeScanner:
    :path: "~/Projects/iOS/BarcodeScanner"

SPEC CHECKSUMS:
  BarcodeScanner: 59c7db1c0f7777acc466323f45d6ffa9ae7b081b

PODFILE CHECKSUM: c5e06b35f246902551c05ca2e0edd438c74cc93d

COCOAPODS: 1.8.4
