PODS:
  - BarcodeScanner (5.0.0)

DEPENDENCIES:
  - BarcodeScanner (from `~/Projects/iOS/BarcodeScanner`)

EXTERNAL SOURCES:
  BarcodeScanner:
    :path: "~/Projects/iOS/BarcodeScanner"

SPEC CHECKSUMS:
  BarcodeScanner: 4823946b560b1532e3efcd85ca0661ba53d4653a

PODFILE CHECKSUM: b66bd660bcb2d32cf28d401be954a4be723a8350

COCOAPODS: 1.9.3
