// !$*UTF8*$!
{
	archiveVersion = 1;
	classes = {
	};
	objectVersion = 51;
	objects = {

/* Begin PBXBuildFile section */
		170B54E324520E8A00CEA9BD /* Pods_Catalogr.framework in Frameworks */ = {isa = PBXBuildFile; fileRef = 080B6845D1C4B35251BC594C /* Pods_Catalogr.framework */; };
		17262BF22446513F008B2DF5 /* BookshelfCollectionViewController.swift in Sources */ = {isa = PBXBuildFile; fileRef = 17262BF12446513F008B2DF5 /* BookshelfCollectionViewController.swift */; };
		172DB3F72447B02100B6425E /* Loopable.swift in Sources */ = {isa = PBXBuildFile; fileRef = 172DB3F62447B02100B6425E /* Loopable.swift */; };
		17404272245095B30034287C /* Constraints.swift in Sources */ = {isa = PBXBuildFile; fileRef = 17404271245095B30034287C /* Constraints.swift */; };
		174042742450D2CA0034287C /* SearchTableViewCell.swift in Sources */ = {isa = PBXBuildFile; fileRef = 174042732450D2CA0034287C /* SearchTableViewCell.swift */; };
		1740C448244FEF3C00334CDD /* UIImageExtension.swift in Sources */ = {isa = PBXBuildFile; fileRef = 1740C447244FEF3C00334CDD /* UIImageExtension.swift */; };
		1766623C244BF78300FC758D /* Keys.plist in Resources */ = {isa = PBXBuildFile; fileRef = 1766623B244BF78300FC758D /* Keys.plist */; };
		176AC5A2242C6C5F008DBCAA /* AppDelegate.swift in Sources */ = {isa = PBXBuildFile; fileRef = 176AC5A1242C6C5F008DBCAA /* AppDelegate.swift */; };
		176AC5A4242C6C5F008DBCAA /* SceneDelegate.swift in Sources */ = {isa = PBXBuildFile; fileRef = 176AC5A3242C6C5F008DBCAA /* SceneDelegate.swift */; };
		176AC5A6242C6C5F008DBCAA /* BookshelfContainerViewController.swift in Sources */ = {isa = PBXBuildFile; fileRef = 176AC5A5242C6C5F008DBCAA /* BookshelfContainerViewController.swift */; };
		176AC5AB242C6C5F008DBCAA /* Main.storyboard in Resources */ = {isa = PBXBuildFile; fileRef = 176AC5A9242C6C5F008DBCAA /* Main.storyboard */; };
		176AC5AE242C6C5F008DBCAA /* Catalogr.xcdatamodeld in Sources */ = {isa = PBXBuildFile; fileRef = 176AC5AC242C6C5F008DBCAA /* Catalogr.xcdatamodeld */; };
		176AC5B0242C6C60008DBCAA /* Assets.xcassets in Resources */ = {isa = PBXBuildFile; fileRef = 176AC5AF242C6C60008DBCAA /* Assets.xcassets */; };
		176AC5BE242C6C61008DBCAA /* CatalogrTests.swift in Sources */ = {isa = PBXBuildFile; fileRef = 176AC5BD242C6C61008DBCAA /* CatalogrTests.swift */; };
		176AC5C9242C6C61008DBCAA /* CatalogrUITests.swift in Sources */ = {isa = PBXBuildFile; fileRef = 176AC5C8242C6C61008DBCAA /* CatalogrUITests.swift */; };
		176CEFFA244658490054E12C /* BookshelfCollectionViewCell.swift in Sources */ = {isa = PBXBuildFile; fileRef = 176CEFF9244658490054E12C /* BookshelfCollectionViewCell.swift */; };
		179177432442290100E7E3E2 /* UIColorExtension.swift in Sources */ = {isa = PBXBuildFile; fileRef = 179177422442290100E7E3E2 /* UIColorExtension.swift */; };
		1791774524429D4C00E7E3E2 /* CGFloatExtension.swift in Sources */ = {isa = PBXBuildFile; fileRef = 1791774424429D4C00E7E3E2 /* CGFloatExtension.swift */; };
		17B2EA9B243D6CF400EBDE97 /* SettingsViewController.swift in Sources */ = {isa = PBXBuildFile; fileRef = 17B2EA9A243D6CF400EBDE97 /* SettingsViewController.swift */; };
		17B2EA9D243D6DF100EBDE97 /* Settings.swift in Sources */ = {isa = PBXBuildFile; fileRef = 17B2EA9C243D6DF100EBDE97 /* Settings.swift */; };
		17B2EAA0243D74FE00EBDE97 /* SettingsToggleTableViewCell.swift in Sources */ = {isa = PBXBuildFile; fileRef = 17B2EA9F243D74FE00EBDE97 /* SettingsToggleTableViewCell.swift */; };
		17B2EAA2243D759D00EBDE97 /* SettingsPickerTableViewCell.swift in Sources */ = {isa = PBXBuildFile; fileRef = 17B2EAA1243D759D00EBDE97 /* SettingsPickerTableViewCell.swift */; };
		17BB0240243EEBF3001D1013 /* SearchViewController.swift in Sources */ = {isa = PBXBuildFile; fileRef = 17BB023F243EEBF3001D1013 /* SearchViewController.swift */; };
		17BB0242243EEC4E001D1013 /* GAPI.swift in Sources */ = {isa = PBXBuildFile; fileRef = 17BB0241243EEC4E001D1013 /* GAPI.swift */; };
		17BB0244243F9919001D1013 /* UIViewExtension.swift in Sources */ = {isa = PBXBuildFile; fileRef = 17BB0243243F9919001D1013 /* UIViewExtension.swift */; };
		17BB024924415C7C001D1013 /* WishlistViewController.swift in Sources */ = {isa = PBXBuildFile; fileRef = 17BB024824415C7C001D1013 /* WishlistViewController.swift */; };
		17C1BCAD24343A940019589C /* Launch Screen.storyboard in Resources */ = {isa = PBXBuildFile; fileRef = 17C1BCAC24343A940019589C /* Launch Screen.storyboard */; };
		17C1BCAF243443450019589C /* AddBookViewController.swift in Sources */ = {isa = PBXBuildFile; fileRef = 17C1BCAE243443450019589C /* AddBookViewController.swift */; };
		17C1BCB2243443D20019589C /* UIImageViewExtension.swift in Sources */ = {isa = PBXBuildFile; fileRef = 17C1BCB1243443D20019589C /* UIImageViewExtension.swift */; };
		17C1BCB62434472E0019589C /* Book.swift in Sources */ = {isa = PBXBuildFile; fileRef = 17C1BCB52434472E0019589C /* Book.swift */; };
		17D5B11A244A38D000614FF4 /* BookDetailViewController.swift in Sources */ = {isa = PBXBuildFile; fileRef = 17D5B119244A38D000614FF4 /* BookDetailViewController.swift */; };
		17D5B11C244AB93E00614FF4 /* ScannerViewController.swift in Sources */ = {isa = PBXBuildFile; fileRef = 17D5B11B244AB93E00614FF4 /* ScannerViewController.swift */; };
		17D5B11E244AB98700614FF4 /* ISBNScannerViewController.swift in Sources */ = {isa = PBXBuildFile; fileRef = 17D5B11D244AB98700614FF4 /* ISBNScannerViewController.swift */; };
		17D5B122244AB9FA00614FF4 /* CharacterExtension.swift in Sources */ = {isa = PBXBuildFile; fileRef = 17D5B121244AB9FA00614FF4 /* CharacterExtension.swift */; };
		17D5B124244ABA1D00614FF4 /* StringExtension.swift in Sources */ = {isa = PBXBuildFile; fileRef = 17D5B123244ABA1D00614FF4 /* StringExtension.swift */; };
		17D5B126244ABA6A00614FF4 /* StringTracker.swift in Sources */ = {isa = PBXBuildFile; fileRef = 17D5B125244ABA6A00614FF4 /* StringTracker.swift */; };
		17D5B128244ABAAE00614FF4 /* PreviewView.swift in Sources */ = {isa = PBXBuildFile; fileRef = 17D5B127244ABAAE00614FF4 /* PreviewView.swift */; };
		17E654DE24417C87007DEFF6 /* TabBarController.swift in Sources */ = {isa = PBXBuildFile; fileRef = 17E654DD24417C87007DEFF6 /* TabBarController.swift */; };
		17FF175C24591CAD0042C240 /* Bookshelf.swift in Sources */ = {isa = PBXBuildFile; fileRef = 17FF175B24591CAD0042C240 /* Bookshelf.swift */; };
		17FF175E245A79870042C240 /* ImageCacheType.swift in Sources */ = {isa = PBXBuildFile; fileRef = 17FF175D245A79870042C240 /* ImageCacheType.swift */; };
		17FF1760245A7A520042C240 /* ImageCache.swift in Sources */ = {isa = PBXBuildFile; fileRef = 17FF175F245A7A520042C240 /* ImageCache.swift */; };
		17FF1762245A81120042C240 /* ImageLoader.swift in Sources */ = {isa = PBXBuildFile; fileRef = 17FF1761245A81120042C240 /* ImageLoader.swift */; };
		17FF1769245A94BE0042C240 /* RoundFillButton.swift in Sources */ = {isa = PBXBuildFile; fileRef = 17FF1768245A94BE0042C240 /* RoundFillButton.swift */; };
/* End PBXBuildFile section */

/* Begin PBXContainerItemProxy section */
		176AC5BA242C6C61008DBCAA /* PBXContainerItemProxy */ = {
			isa = PBXContainerItemProxy;
			containerPortal = 176AC596242C6C5F008DBCAA /* Project object */;
			proxyType = 1;
			remoteGlobalIDString = 176AC59D242C6C5F008DBCAA;
			remoteInfo = Catalogr;
		};
		176AC5C5242C6C61008DBCAA /* PBXContainerItemProxy */ = {
			isa = PBXContainerItemProxy;
			containerPortal = 176AC596242C6C5F008DBCAA /* Project object */;
			proxyType = 1;
			remoteGlobalIDString = 176AC59D242C6C5F008DBCAA;
			remoteInfo = Catalogr;
		};
/* End PBXContainerItemProxy section */

/* Begin PBXFileReference section */
		080B6845D1C4B35251BC594C /* Pods_Catalogr.framework */ = {isa = PBXFileReference; explicitFileType = wrapper.framework; includeInIndex = 0; path = Pods_Catalogr.framework; sourceTree = BUILT_PRODUCTS_DIR; };
		17262BF12446513F008B2DF5 /* BookshelfCollectionViewController.swift */ = {isa = PBXFileReference; lastKnownFileType = sourcecode.swift; path = BookshelfCollectionViewController.swift; sourceTree = "<group>"; };
		172DB3F62447B02100B6425E /* Loopable.swift */ = {isa = PBXFileReference; lastKnownFileType = sourcecode.swift; path = Loopable.swift; sourceTree = "<group>"; };
		17404271245095B30034287C /* Constraints.swift */ = {isa = PBXFileReference; lastKnownFileType = sourcecode.swift; path = Constraints.swift; sourceTree = "<group>"; };
		174042732450D2CA0034287C /* SearchTableViewCell.swift */ = {isa = PBXFileReference; lastKnownFileType = sourcecode.swift; path = SearchTableViewCell.swift; sourceTree = "<group>"; };
		1740C447244FEF3C00334CDD /* UIImageExtension.swift */ = {isa = PBXFileReference; lastKnownFileType = sourcecode.swift; path = UIImageExtension.swift; sourceTree = "<group>"; };
		1766623B244BF78300FC758D /* Keys.plist */ = {isa = PBXFileReference; lastKnownFileType = text.plist.xml; path = Keys.plist; sourceTree = "<group>"; };
		176AC59E242C6C5F008DBCAA /* Catalogr.app */ = {isa = PBXFileReference; explicitFileType = wrapper.application; includeInIndex = 0; path = Catalogr.app; sourceTree = BUILT_PRODUCTS_DIR; };
		176AC5A1242C6C5F008DBCAA /* AppDelegate.swift */ = {isa = PBXFileReference; lastKnownFileType = sourcecode.swift; path = AppDelegate.swift; sourceTree = "<group>"; };
		176AC5A3242C6C5F008DBCAA /* SceneDelegate.swift */ = {isa = PBXFileReference; lastKnownFileType = sourcecode.swift; path = SceneDelegate.swift; sourceTree = "<group>"; };
		176AC5A5242C6C5F008DBCAA /* BookshelfContainerViewController.swift */ = {isa = PBXFileReference; lastKnownFileType = sourcecode.swift; path = BookshelfContainerViewController.swift; sourceTree = "<group>"; };
		176AC5AA242C6C5F008DBCAA /* Base */ = {isa = PBXFileReference; lastKnownFileType = file.storyboard; name = Base; path = Base.lproj/Main.storyboard; sourceTree = "<group>"; };
		176AC5AD242C6C5F008DBCAA /* Catalogr.xcdatamodel */ = {isa = PBXFileReference; lastKnownFileType = wrapper.xcdatamodel; path = Catalogr.xcdatamodel; sourceTree = "<group>"; };
		176AC5AF242C6C60008DBCAA /* Assets.xcassets */ = {isa = PBXFileReference; lastKnownFileType = folder.assetcatalog; path = Assets.xcassets; sourceTree = "<group>"; };
		176AC5B4242C6C60008DBCAA /* Info.plist */ = {isa = PBXFileReference; lastKnownFileType = text.plist.xml; path = Info.plist; sourceTree = "<group>"; };
		176AC5B9242C6C61008DBCAA /* CatalogrTests.xctest */ = {isa = PBXFileReference; explicitFileType = wrapper.cfbundle; includeInIndex = 0; path = CatalogrTests.xctest; sourceTree = BUILT_PRODUCTS_DIR; };
		176AC5BD242C6C61008DBCAA /* CatalogrTests.swift */ = {isa = PBXFileReference; lastKnownFileType = sourcecode.swift; path = CatalogrTests.swift; sourceTree = "<group>"; };
		176AC5BF242C6C61008DBCAA /* Info.plist */ = {isa = PBXFileReference; lastKnownFileType = text.plist.xml; path = Info.plist; sourceTree = "<group>"; };
		176AC5C4242C6C61008DBCAA /* CatalogrUITests.xctest */ = {isa = PBXFileReference; explicitFileType = wrapper.cfbundle; includeInIndex = 0; path = CatalogrUITests.xctest; sourceTree = BUILT_PRODUCTS_DIR; };
		176AC5C8242C6C61008DBCAA /* CatalogrUITests.swift */ = {isa = PBXFileReference; lastKnownFileType = sourcecode.swift; path = CatalogrUITests.swift; sourceTree = "<group>"; };
		176AC5CA242C6C61008DBCAA /* Info.plist */ = {isa = PBXFileReference; lastKnownFileType = text.plist.xml; path = Info.plist; sourceTree = "<group>"; };
		176CEFF9244658490054E12C /* BookshelfCollectionViewCell.swift */ = {isa = PBXFileReference; lastKnownFileType = sourcecode.swift; path = BookshelfCollectionViewCell.swift; sourceTree = "<group>"; };
		179177422442290100E7E3E2 /* UIColorExtension.swift */ = {isa = PBXFileReference; lastKnownFileType = sourcecode.swift; path = UIColorExtension.swift; sourceTree = "<group>"; };
		1791774424429D4C00E7E3E2 /* CGFloatExtension.swift */ = {isa = PBXFileReference; lastKnownFileType = sourcecode.swift; path = CGFloatExtension.swift; sourceTree = "<group>"; };
		17B2EA9A243D6CF400EBDE97 /* SettingsViewController.swift */ = {isa = PBXFileReference; lastKnownFileType = sourcecode.swift; path = SettingsViewController.swift; sourceTree = "<group>"; };
		17B2EA9C243D6DF100EBDE97 /* Settings.swift */ = {isa = PBXFileReference; lastKnownFileType = sourcecode.swift; path = Settings.swift; sourceTree = "<group>"; };
		17B2EA9F243D74FE00EBDE97 /* SettingsToggleTableViewCell.swift */ = {isa = PBXFileReference; lastKnownFileType = sourcecode.swift; path = SettingsToggleTableViewCell.swift; sourceTree = "<group>"; };
		17B2EAA1243D759D00EBDE97 /* SettingsPickerTableViewCell.swift */ = {isa = PBXFileReference; lastKnownFileType = sourcecode.swift; path = SettingsPickerTableViewCell.swift; sourceTree = "<group>"; };
		17BB023F243EEBF3001D1013 /* SearchViewController.swift */ = {isa = PBXFileReference; lastKnownFileType = sourcecode.swift; path = SearchViewController.swift; sourceTree = "<group>"; };
		17BB0241243EEC4E001D1013 /* GAPI.swift */ = {isa = PBXFileReference; lastKnownFileType = sourcecode.swift; path = GAPI.swift; sourceTree = "<group>"; };
		17BB0243243F9919001D1013 /* UIViewExtension.swift */ = {isa = PBXFileReference; lastKnownFileType = sourcecode.swift; path = UIViewExtension.swift; sourceTree = "<group>"; };
		17BB024824415C7C001D1013 /* WishlistViewController.swift */ = {isa = PBXFileReference; lastKnownFileType = sourcecode.swift; path = WishlistViewController.swift; sourceTree = "<group>"; };
		17C1BCAC24343A940019589C /* Launch Screen.storyboard */ = {isa = PBXFileReference; lastKnownFileType = file.storyboard; path = "Launch Screen.storyboard"; sourceTree = "<group>"; };
		17C1BCAE243443450019589C /* AddBookViewController.swift */ = {isa = PBXFileReference; lastKnownFileType = sourcecode.swift; path = AddBookViewController.swift; sourceTree = "<group>"; };
		17C1BCB1243443D20019589C /* UIImageViewExtension.swift */ = {isa = PBXFileReference; lastKnownFileType = sourcecode.swift; path = UIImageViewExtension.swift; sourceTree = "<group>"; };
		17C1BCB52434472E0019589C /* Book.swift */ = {isa = PBXFileReference; lastKnownFileType = sourcecode.swift; path = Book.swift; sourceTree = "<group>"; };
		17D5B119244A38D000614FF4 /* BookDetailViewController.swift */ = {isa = PBXFileReference; lastKnownFileType = sourcecode.swift; path = BookDetailViewController.swift; sourceTree = "<group>"; };
		17D5B11B244AB93E00614FF4 /* ScannerViewController.swift */ = {isa = PBXFileReference; lastKnownFileType = sourcecode.swift; path = ScannerViewController.swift; sourceTree = "<group>"; };
		17D5B11D244AB98700614FF4 /* ISBNScannerViewController.swift */ = {isa = PBXFileReference; lastKnownFileType = sourcecode.swift; path = ISBNScannerViewController.swift; sourceTree = "<group>"; };
		17D5B121244AB9FA00614FF4 /* CharacterExtension.swift */ = {isa = PBXFileReference; lastKnownFileType = sourcecode.swift; path = CharacterExtension.swift; sourceTree = "<group>"; };
		17D5B123244ABA1D00614FF4 /* StringExtension.swift */ = {isa = PBXFileReference; lastKnownFileType = sourcecode.swift; path = StringExtension.swift; sourceTree = "<group>"; };
		17D5B125244ABA6A00614FF4 /* StringTracker.swift */ = {isa = PBXFileReference; lastKnownFileType = sourcecode.swift; path = StringTracker.swift; sourceTree = "<group>"; };
		17D5B127244ABAAE00614FF4 /* PreviewView.swift */ = {isa = PBXFileReference; lastKnownFileType = sourcecode.swift; path = PreviewView.swift; sourceTree = "<group>"; };
		17E654DD24417C87007DEFF6 /* TabBarController.swift */ = {isa = PBXFileReference; lastKnownFileType = sourcecode.swift; path = TabBarController.swift; sourceTree = "<group>"; };
		17FF175B24591CAD0042C240 /* Bookshelf.swift */ = {isa = PBXFileReference; lastKnownFileType = sourcecode.swift; path = Bookshelf.swift; sourceTree = "<group>"; };
		17FF175D245A79870042C240 /* ImageCacheType.swift */ = {isa = PBXFileReference; lastKnownFileType = sourcecode.swift; path = ImageCacheType.swift; sourceTree = "<group>"; };
		17FF175F245A7A520042C240 /* ImageCache.swift */ = {isa = PBXFileReference; lastKnownFileType = sourcecode.swift; path = ImageCache.swift; sourceTree = "<group>"; };
		17FF1761245A81120042C240 /* ImageLoader.swift */ = {isa = PBXFileReference; lastKnownFileType = sourcecode.swift; path = ImageLoader.swift; sourceTree = "<group>"; };
		17FF1768245A94BE0042C240 /* RoundFillButton.swift */ = {isa = PBXFileReference; lastKnownFileType = sourcecode.swift; path = RoundFillButton.swift; sourceTree = "<group>"; };
		64541992B9E8F582B3DB0DCE /* Pods-Catalogr.release.xcconfig */ = {isa = PBXFileReference; includeInIndex = 1; lastKnownFileType = text.xcconfig; name = "Pods-Catalogr.release.xcconfig"; path = "Target Support Files/Pods-Catalogr/Pods-Catalogr.release.xcconfig"; sourceTree = "<group>"; };
		D123CEE891A683AD733A888A /* Pods-Catalogr.debug.xcconfig */ = {isa = PBXFileReference; includeInIndex = 1; lastKnownFileType = text.xcconfig; name = "Pods-Catalogr.debug.xcconfig"; path = "Target Support Files/Pods-Catalogr/Pods-Catalogr.debug.xcconfig"; sourceTree = "<group>"; };
/* End PBXFileReference section */

/* Begin PBXFrameworksBuildPhase section */
		176AC59B242C6C5F008DBCAA /* Frameworks */ = {
			isa = PBXFrameworksBuildPhase;
			buildActionMask = 2147483647;
			files = (
				170B54E324520E8A00CEA9BD /* Pods_Catalogr.framework in Frameworks */,
			);
			runOnlyForDeploymentPostprocessing = 0;
		};
		176AC5B6242C6C61008DBCAA /* Frameworks */ = {
			isa = PBXFrameworksBuildPhase;
			buildActionMask = 2147483647;
			files = (
			);
			runOnlyForDeploymentPostprocessing = 0;
		};
		176AC5C1242C6C61008DBCAA /* Frameworks */ = {
			isa = PBXFrameworksBuildPhase;
			buildActionMask = 2147483647;
			files = (
			);
			runOnlyForDeploymentPostprocessing = 0;
		};
/* End PBXFrameworksBuildPhase section */

/* Begin PBXGroup section */
		172DB3F52447B01300B6425E /* Protocols */ = {
			isa = PBXGroup;
			children = (
				172DB3F62447B02100B6425E /* Loopable.swift */,
				17FF175D245A79870042C240 /* ImageCacheType.swift */,
			);
			path = Protocols;
			sourceTree = "<group>";
		};
		1766623A244BF75B00FC758D /* Supporting Files */ = {
			isa = PBXGroup;
			children = (
				1766623B244BF78300FC758D /* Keys.plist */,
			);
			path = "Supporting Files";
			sourceTree = "<group>";
		};
		176AC595242C6C5F008DBCAA = {
			isa = PBXGroup;
			children = (
				176AC5A0242C6C5F008DBCAA /* Catalogr */,
				176AC5BC242C6C61008DBCAA /* CatalogrTests */,
				176AC5C7242C6C61008DBCAA /* CatalogrUITests */,
				176AC59F242C6C5F008DBCAA /* Products */,
				82A2A1A36E4D493BFEF6A548 /* Pods */,
				1A9D048A1CFC625787313AE2 /* Frameworks */,
			);
			indentWidth = 2;
			sourceTree = "<group>";
			tabWidth = 2;
		};
		176AC59F242C6C5F008DBCAA /* Products */ = {
			isa = PBXGroup;
			children = (
				176AC59E242C6C5F008DBCAA /* Catalogr.app */,
				176AC5B9242C6C61008DBCAA /* CatalogrTests.xctest */,
				176AC5C4242C6C61008DBCAA /* CatalogrUITests.xctest */,
			);
			name = Products;
			sourceTree = "<group>";
		};
		176AC5A0242C6C5F008DBCAA /* Catalogr */ = {
			isa = PBXGroup;
			children = (
				1766623A244BF75B00FC758D /* Supporting Files */,
				172DB3F52447B01300B6425E /* Protocols */,
				17BB024524415C11001D1013 /* Controllers */,
				17B2EA9E243D738400EBDE97 /* Components */,
				17C1BCB4243447130019589C /* Views */,
				17C1BCB32434470B0019589C /* Models */,
				17C1BCB0243443B80019589C /* Extensions */,
				176AC5A1242C6C5F008DBCAA /* AppDelegate.swift */,
				176AC5A3242C6C5F008DBCAA /* SceneDelegate.swift */,
				176AC5A9242C6C5F008DBCAA /* Main.storyboard */,
				17C1BCAC24343A940019589C /* Launch Screen.storyboard */,
				176AC5AF242C6C60008DBCAA /* Assets.xcassets */,
				176AC5B4242C6C60008DBCAA /* Info.plist */,
				176AC5AC242C6C5F008DBCAA /* Catalogr.xcdatamodeld */,
			);
			path = Catalogr;
			sourceTree = "<group>";
		};
		176AC5BC242C6C61008DBCAA /* CatalogrTests */ = {
			isa = PBXGroup;
			children = (
				176AC5BD242C6C61008DBCAA /* CatalogrTests.swift */,
				176AC5BF242C6C61008DBCAA /* Info.plist */,
			);
			path = CatalogrTests;
			sourceTree = "<group>";
		};
		176AC5C7242C6C61008DBCAA /* CatalogrUITests */ = {
			isa = PBXGroup;
			children = (
				176AC5C8242C6C61008DBCAA /* CatalogrUITests.swift */,
				176AC5CA242C6C61008DBCAA /* Info.plist */,
			);
			path = CatalogrUITests;
			sourceTree = "<group>";
		};
		17B2EA9E243D738400EBDE97 /* Components */ = {
			isa = PBXGroup;
			children = (
				176CEFF9244658490054E12C /* BookshelfCollectionViewCell.swift */,
				174042732450D2CA0034287C /* SearchTableViewCell.swift */,
				17B2EA9F243D74FE00EBDE97 /* SettingsToggleTableViewCell.swift */,
				17B2EAA1243D759D00EBDE97 /* SettingsPickerTableViewCell.swift */,
				17E654DD24417C87007DEFF6 /* TabBarController.swift */,
				17FF1768245A94BE0042C240 /* RoundFillButton.swift */,
			);
			path = Components;
			sourceTree = "<group>";
		};
		17BB024524415C11001D1013 /* Controllers */ = {
			isa = PBXGroup;
			children = (
				17FF1765245A8E900042C240 /* Shared */,
				17CB2124244BDBF1001DD2EB /* Bookshelf */,
				17CB2125244BDC02001DD2EB /* Wishlist */,
				17CB2126244BDC0A001DD2EB /* Settings */,
				17CB2127244BDC13001DD2EB /* Search */,
			);
			path = Controllers;
			sourceTree = "<group>";
		};
		17C1BCB0243443B80019589C /* Extensions */ = {
			isa = PBXGroup;
			children = (
				1791774424429D4C00E7E3E2 /* CGFloatExtension.swift */,
				17D5B121244AB9FA00614FF4 /* CharacterExtension.swift */,
				17D5B123244ABA1D00614FF4 /* StringExtension.swift */,
				179177422442290100E7E3E2 /* UIColorExtension.swift */,
				1740C447244FEF3C00334CDD /* UIImageExtension.swift */,
				17C1BCB1243443D20019589C /* UIImageViewExtension.swift */,
				17BB0243243F9919001D1013 /* UIViewExtension.swift */,
			);
			path = Extensions;
			sourceTree = "<group>";
		};
		17C1BCB32434470B0019589C /* Models */ = {
			isa = PBXGroup;
			children = (
				17C1BCB52434472E0019589C /* Book.swift */,
				17FF175B24591CAD0042C240 /* Bookshelf.swift */,
				17404271245095B30034287C /* Constraints.swift */,
				17BB0241243EEC4E001D1013 /* GAPI.swift */,
				17B2EA9C243D6DF100EBDE97 /* Settings.swift */,
				17D5B125244ABA6A00614FF4 /* StringTracker.swift */,
				17FF175F245A7A520042C240 /* ImageCache.swift */,
				17FF1761245A81120042C240 /* ImageLoader.swift */,
			);
			path = Models;
			sourceTree = "<group>";
		};
		17C1BCB4243447130019589C /* Views */ = {
			isa = PBXGroup;
			children = (
				17D5B127244ABAAE00614FF4 /* PreviewView.swift */,
			);
			path = Views;
			sourceTree = "<group>";
		};
		17CB2124244BDBF1001DD2EB /* Bookshelf */ = {
			isa = PBXGroup;
			children = (
				17D5B119244A38D000614FF4 /* BookDetailViewController.swift */,
				17262BF12446513F008B2DF5 /* BookshelfCollectionViewController.swift */,
				176AC5A5242C6C5F008DBCAA /* BookshelfContainerViewController.swift */,
				17D5B11D244AB98700614FF4 /* ISBNScannerViewController.swift */,
				17D5B11B244AB93E00614FF4 /* ScannerViewController.swift */,
			);
			path = Bookshelf;
			sourceTree = "<group>";
		};
		17CB2125244BDC02001DD2EB /* Wishlist */ = {
			isa = PBXGroup;
			children = (
				17BB024824415C7C001D1013 /* WishlistViewController.swift */,
			);
			path = Wishlist;
			sourceTree = "<group>";
		};
		17CB2126244BDC0A001DD2EB /* Settings */ = {
			isa = PBXGroup;
			children = (
				17B2EA9A243D6CF400EBDE97 /* SettingsViewController.swift */,
			);
			path = Settings;
			sourceTree = "<group>";
		};
		17CB2127244BDC13001DD2EB /* Search */ = {
			isa = PBXGroup;
			children = (
				17BB023F243EEBF3001D1013 /* SearchViewController.swift */,
			);
			path = Search;
			sourceTree = "<group>";
		};
		17FF1765245A8E900042C240 /* Shared */ = {
			isa = PBXGroup;
			children = (
				17C1BCAE243443450019589C /* AddBookViewController.swift */,
			);
			path = Shared;
			sourceTree = "<group>";
		};
		1A9D048A1CFC625787313AE2 /* Frameworks */ = {
			isa = PBXGroup;
			children = (
				080B6845D1C4B35251BC594C /* Pods_Catalogr.framework */,
			);
			name = Frameworks;
			sourceTree = "<group>";
		};
		82A2A1A36E4D493BFEF6A548 /* Pods */ = {
			isa = PBXGroup;
			children = (
				D123CEE891A683AD733A888A /* Pods-Catalogr.debug.xcconfig */,
				64541992B9E8F582B3DB0DCE /* Pods-Catalogr.release.xcconfig */,
			);
			path = Pods;
			sourceTree = "<group>";
		};
/* End PBXGroup section */

/* Begin PBXNativeTarget section */
		176AC59D242C6C5F008DBCAA /* Catalogr */ = {
			isa = PBXNativeTarget;
			buildConfigurationList = 176AC5CD242C6C61008DBCAA /* Build configuration list for PBXNativeTarget "Catalogr" */;
			buildPhases = (
				7A984EE43FA550018D8CED22 /* [CP] Check Pods Manifest.lock */,
				176AC59A242C6C5F008DBCAA /* Sources */,
				176AC59B242C6C5F008DBCAA /* Frameworks */,
				176AC59C242C6C5F008DBCAA /* Resources */,
				9EA9A36CB10EF6A9C05959F5 /* [CP] Embed Pods Frameworks */,
			);
			buildRules = (
			);
			dependencies = (
			);
			name = Catalogr;
			productName = Catalogr;
			productReference = 176AC59E242C6C5F008DBCAA /* Catalogr.app */;
			productType = "com.apple.product-type.application";
		};
		176AC5B8242C6C61008DBCAA /* CatalogrTests */ = {
			isa = PBXNativeTarget;
			buildConfigurationList = 176AC5D0242C6C61008DBCAA /* Build configuration list for PBXNativeTarget "CatalogrTests" */;
			buildPhases = (
				176AC5B5242C6C61008DBCAA /* Sources */,
				176AC5B6242C6C61008DBCAA /* Frameworks */,
				176AC5B7242C6C61008DBCAA /* Resources */,
			);
			buildRules = (
			);
			dependencies = (
				176AC5BB242C6C61008DBCAA /* PBXTargetDependency */,
			);
			name = CatalogrTests;
			productName = CatalogrTests;
			productReference = 176AC5B9242C6C61008DBCAA /* CatalogrTests.xctest */;
			productType = "com.apple.product-type.bundle.unit-test";
		};
		176AC5C3242C6C61008DBCAA /* CatalogrUITests */ = {
			isa = PBXNativeTarget;
			buildConfigurationList = 176AC5D3242C6C61008DBCAA /* Build configuration list for PBXNativeTarget "CatalogrUITests" */;
			buildPhases = (
				176AC5C0242C6C61008DBCAA /* Sources */,
				176AC5C1242C6C61008DBCAA /* Frameworks */,
				176AC5C2242C6C61008DBCAA /* Resources */,
			);
			buildRules = (
			);
			dependencies = (
				176AC5C6242C6C61008DBCAA /* PBXTargetDependency */,
			);
			name = CatalogrUITests;
			productName = CatalogrUITests;
			productReference = 176AC5C4242C6C61008DBCAA /* CatalogrUITests.xctest */;
			productType = "com.apple.product-type.bundle.ui-testing";
		};
/* End PBXNativeTarget section */

/* Begin PBXProject section */
		176AC596242C6C5F008DBCAA /* Project object */ = {
			isa = PBXProject;
			attributes = {
				LastSwiftUpdateCheck = 1140;
				LastUpgradeCheck = 1140;
				ORGANIZATIONNAME = jfeigel;
				TargetAttributes = {
					176AC59D242C6C5F008DBCAA = {
						CreatedOnToolsVersion = 11.4;
					};
					176AC5B8242C6C61008DBCAA = {
						CreatedOnToolsVersion = 11.4;
						TestTargetID = 176AC59D242C6C5F008DBCAA;
					};
					176AC5C3242C6C61008DBCAA = {
						CreatedOnToolsVersion = 11.4;
						TestTargetID = 176AC59D242C6C5F008DBCAA;
					};
				};
			};
			buildConfigurationList = 176AC599242C6C5F008DBCAA /* Build configuration list for PBXProject "Catalogr" */;
			compatibilityVersion = "Xcode 9.3";
			developmentRegion = en;
			hasScannedForEncodings = 0;
			knownRegions = (
				en,
				Base,
			);
			mainGroup = 176AC595242C6C5F008DBCAA;
			productRefGroup = 176AC59F242C6C5F008DBCAA /* Products */;
			projectDirPath = "";
			projectRoot = "";
			targets = (
				176AC59D242C6C5F008DBCAA /* Catalogr */,
				176AC5B8242C6C61008DBCAA /* CatalogrTests */,
				176AC5C3242C6C61008DBCAA /* CatalogrUITests */,
			);
		};
/* End PBXProject section */

/* Begin PBXResourcesBuildPhase section */
		176AC59C242C6C5F008DBCAA /* Resources */ = {
			isa = PBXResourcesBuildPhase;
			buildActionMask = 2147483647;
			files = (
				1766623C244BF78300FC758D /* Keys.plist in Resources */,
				17C1BCAD24343A940019589C /* Launch Screen.storyboard in Resources */,
				176AC5B0242C6C60008DBCAA /* Assets.xcassets in Resources */,
				176AC5AB242C6C5F008DBCAA /* Main.storyboard in Resources */,
			);
			runOnlyForDeploymentPostprocessing = 0;
		};
		176AC5B7242C6C61008DBCAA /* Resources */ = {
			isa = PBXResourcesBuildPhase;
			buildActionMask = 2147483647;
			files = (
			);
			runOnlyForDeploymentPostprocessing = 0;
		};
		176AC5C2242C6C61008DBCAA /* Resources */ = {
			isa = PBXResourcesBuildPhase;
			buildActionMask = 2147483647;
			files = (
			);
			runOnlyForDeploymentPostprocessing = 0;
		};
/* End PBXResourcesBuildPhase section */

/* Begin PBXShellScriptBuildPhase section */
		7A984EE43FA550018D8CED22 /* [CP] Check Pods Manifest.lock */ = {
			isa = PBXShellScriptBuildPhase;
			buildActionMask = 2147483647;
			files = (
			);
			inputFileListPaths = (
			);
			inputPaths = (
				"${PODS_PODFILE_DIR_PATH}/Podfile.lock",
				"${PODS_ROOT}/Manifest.lock",
			);
			name = "[CP] Check Pods Manifest.lock";
			outputFileListPaths = (
			);
			outputPaths = (
				"$(DERIVED_FILE_DIR)/Pods-Catalogr-checkManifestLockResult.txt",
			);
			runOnlyForDeploymentPostprocessing = 0;
			shellPath = /bin/sh;
			shellScript = "diff \"${PODS_PODFILE_DIR_PATH}/Podfile.lock\" \"${PODS_ROOT}/Manifest.lock\" > /dev/null\nif [ $? != 0 ] ; then\n    # print error to STDERR\n    echo \"error: The sandbox is not in sync with the Podfile.lock. Run 'pod install' or update your CocoaPods installation.\" >&2\n    exit 1\nfi\n# This output is used by Xcode 'outputs' to avoid re-running this script phase.\necho \"SUCCESS\" > \"${SCRIPT_OUTPUT_FILE_0}\"\n";
			showEnvVarsInLog = 0;
		};
		9EA9A36CB10EF6A9C05959F5 /* [CP] Embed Pods Frameworks */ = {
			isa = PBXShellScriptBuildPhase;
			buildActionMask = 2147483647;
			files = (
			);
			inputFileListPaths = (
				"${PODS_ROOT}/Target Support Files/Pods-Catalogr/Pods-Catalogr-frameworks-${CONFIGURATION}-input-files.xcfilelist",
			);
			name = "[CP] Embed Pods Frameworks";
			outputFileListPaths = (
				"${PODS_ROOT}/Target Support Files/Pods-Catalogr/Pods-Catalogr-frameworks-${CONFIGURATION}-output-files.xcfilelist",
			);
			runOnlyForDeploymentPostprocessing = 0;
			shellPath = /bin/sh;
			shellScript = "\"${PODS_ROOT}/Target Support Files/Pods-Catalogr/Pods-Catalogr-frameworks.sh\"\n";
			showEnvVarsInLog = 0;
		};
/* End PBXShellScriptBuildPhase section */

/* Begin PBXSourcesBuildPhase section */
		176AC59A242C6C5F008DBCAA /* Sources */ = {
			isa = PBXSourcesBuildPhase;
			buildActionMask = 2147483647;
			files = (
				1791774524429D4C00E7E3E2 /* CGFloatExtension.swift in Sources */,
				176AC5AE242C6C5F008DBCAA /* Catalogr.xcdatamodeld in Sources */,
				17FF1760245A7A520042C240 /* ImageCache.swift in Sources */,
				176CEFFA244658490054E12C /* BookshelfCollectionViewCell.swift in Sources */,
				172DB3F72447B02100B6425E /* Loopable.swift in Sources */,
				17BB0242243EEC4E001D1013 /* GAPI.swift in Sources */,
				17FF175E245A79870042C240 /* ImageCacheType.swift in Sources */,
				17FF1762245A81120042C240 /* ImageLoader.swift in Sources */,
				17C1BCAF243443450019589C /* AddBookViewController.swift in Sources */,
				17E654DE24417C87007DEFF6 /* TabBarController.swift in Sources */,
				17FF175C24591CAD0042C240 /* Bookshelf.swift in Sources */,
				17D5B126244ABA6A00614FF4 /* StringTracker.swift in Sources */,
				17D5B11E244AB98700614FF4 /* ISBNScannerViewController.swift in Sources */,
				17D5B128244ABAAE00614FF4 /* PreviewView.swift in Sources */,
				17C1BCB62434472E0019589C /* Book.swift in Sources */,
				17B2EA9B243D6CF400EBDE97 /* SettingsViewController.swift in Sources */,
				17B2EAA0243D74FE00EBDE97 /* SettingsToggleTableViewCell.swift in Sources */,
				176AC5A6242C6C5F008DBCAA /* BookshelfContainerViewController.swift in Sources */,
				17BB024924415C7C001D1013 /* WishlistViewController.swift in Sources */,
				17D5B11A244A38D000614FF4 /* BookDetailViewController.swift in Sources */,
				17BB0240243EEBF3001D1013 /* SearchViewController.swift in Sources */,
				17D5B122244AB9FA00614FF4 /* CharacterExtension.swift in Sources */,
				17C1BCB2243443D20019589C /* UIImageViewExtension.swift in Sources */,
				1740C448244FEF3C00334CDD /* UIImageExtension.swift in Sources */,
				17BB0244243F9919001D1013 /* UIViewExtension.swift in Sources */,
				17D5B11C244AB93E00614FF4 /* ScannerViewController.swift in Sources */,
				17404272245095B30034287C /* Constraints.swift in Sources */,
				179177432442290100E7E3E2 /* UIColorExtension.swift in Sources */,
				176AC5A2242C6C5F008DBCAA /* AppDelegate.swift in Sources */,
				17262BF22446513F008B2DF5 /* BookshelfCollectionViewController.swift in Sources */,
				17B2EA9D243D6DF100EBDE97 /* Settings.swift in Sources */,
				176AC5A4242C6C5F008DBCAA /* SceneDelegate.swift in Sources */,
				17D5B124244ABA1D00614FF4 /* StringExtension.swift in Sources */,
				174042742450D2CA0034287C /* SearchTableViewCell.swift in Sources */,
				17B2EAA2243D759D00EBDE97 /* SettingsPickerTableViewCell.swift in Sources */,
				17FF1769245A94BE0042C240 /* RoundFillButton.swift in Sources */,
			);
			runOnlyForDeploymentPostprocessing = 0;
		};
		176AC5B5242C6C61008DBCAA /* Sources */ = {
			isa = PBXSourcesBuildPhase;
			buildActionMask = 2147483647;
			files = (
				176AC5BE242C6C61008DBCAA /* CatalogrTests.swift in Sources */,
			);
			runOnlyForDeploymentPostprocessing = 0;
		};
		176AC5C0242C6C61008DBCAA /* Sources */ = {
			isa = PBXSourcesBuildPhase;
			buildActionMask = 2147483647;
			files = (
				176AC5C9242C6C61008DBCAA /* CatalogrUITests.swift in Sources */,
			);
			runOnlyForDeploymentPostprocessing = 0;
		};
/* End PBXSourcesBuildPhase section */

/* Begin PBXTargetDependency section */
		176AC5BB242C6C61008DBCAA /* PBXTargetDependency */ = {
			isa = PBXTargetDependency;
			target = 176AC59D242C6C5F008DBCAA /* Catalogr */;
			targetProxy = 176AC5BA242C6C61008DBCAA /* PBXContainerItemProxy */;
		};
		176AC5C6242C6C61008DBCAA /* PBXTargetDependency */ = {
			isa = PBXTargetDependency;
			target = 176AC59D242C6C5F008DBCAA /* Catalogr */;
			targetProxy = 176AC5C5242C6C61008DBCAA /* PBXContainerItemProxy */;
		};
/* End PBXTargetDependency section */

/* Begin PBXVariantGroup section */
		176AC5A9242C6C5F008DBCAA /* Main.storyboard */ = {
			isa = PBXVariantGroup;
			children = (
				176AC5AA242C6C5F008DBCAA /* Base */,
			);
			name = Main.storyboard;
			sourceTree = "<group>";
		};
/* End PBXVariantGroup section */

/* Begin XCBuildConfiguration section */
		176AC5CB242C6C61008DBCAA /* Debug */ = {
			isa = XCBuildConfiguration;
			buildSettings = {
				ALWAYS_SEARCH_USER_PATHS = NO;
				CLANG_ANALYZER_NONNULL = YES;
				CLANG_ANALYZER_NUMBER_OBJECT_CONVERSION = YES_AGGRESSIVE;
				CLANG_CXX_LANGUAGE_STANDARD = "gnu++14";
				CLANG_CXX_LIBRARY = "libc++";
				CLANG_ENABLE_MODULES = YES;
				CLANG_ENABLE_OBJC_ARC = YES;
				CLANG_ENABLE_OBJC_WEAK = YES;
				CLANG_WARN_BLOCK_CAPTURE_AUTORELEASING = YES;
				CLANG_WARN_BOOL_CONVERSION = YES;
				CLANG_WARN_COMMA = YES;
				CLANG_WARN_CONSTANT_CONVERSION = YES;
				CLANG_WARN_DEPRECATED_OBJC_IMPLEMENTATIONS = YES;
				CLANG_WARN_DIRECT_OBJC_ISA_USAGE = YES_ERROR;
				CLANG_WARN_DOCUMENTATION_COMMENTS = YES;
				CLANG_WARN_EMPTY_BODY = YES;
				CLANG_WARN_ENUM_CONVERSION = YES;
				CLANG_WARN_INFINITE_RECURSION = YES;
				CLANG_WARN_INT_CONVERSION = YES;
				CLANG_WARN_NON_LITERAL_NULL_CONVERSION = YES;
				CLANG_WARN_OBJC_IMPLICIT_RETAIN_SELF = YES;
				CLANG_WARN_OBJC_LITERAL_CONVERSION = YES;
				CLANG_WARN_OBJC_ROOT_CLASS = YES_ERROR;
				CLANG_WARN_RANGE_LOOP_ANALYSIS = YES;
				CLANG_WARN_STRICT_PROTOTYPES = YES;
				CLANG_WARN_SUSPICIOUS_MOVE = YES;
				CLANG_WARN_UNGUARDED_AVAILABILITY = YES_AGGRESSIVE;
				CLANG_WARN_UNREACHABLE_CODE = YES;
				CLANG_WARN__DUPLICATE_METHOD_MATCH = YES;
				COPY_PHASE_STRIP = NO;
				DEBUG_INFORMATION_FORMAT = dwarf;
				ENABLE_STRICT_OBJC_MSGSEND = YES;
				ENABLE_TESTABILITY = YES;
				GCC_C_LANGUAGE_STANDARD = gnu11;
				GCC_DYNAMIC_NO_PIC = NO;
				GCC_NO_COMMON_BLOCKS = YES;
				GCC_OPTIMIZATION_LEVEL = 0;
				GCC_PREPROCESSOR_DEFINITIONS = (
					"DEBUG=1",
					"$(inherited)",
				);
				GCC_WARN_64_TO_32_BIT_CONVERSION = YES;
				GCC_WARN_ABOUT_RETURN_TYPE = YES_ERROR;
				GCC_WARN_UNDECLARED_SELECTOR = YES;
				GCC_WARN_UNINITIALIZED_AUTOS = YES_AGGRESSIVE;
				GCC_WARN_UNUSED_FUNCTION = YES;
				GCC_WARN_UNUSED_VARIABLE = YES;
				IPHONEOS_DEPLOYMENT_TARGET = 13.0;
				MTL_ENABLE_DEBUG_INFO = INCLUDE_SOURCE;
				MTL_FAST_MATH = YES;
				ONLY_ACTIVE_ARCH = YES;
				SDKROOT = iphoneos;
				SWIFT_ACTIVE_COMPILATION_CONDITIONS = DEBUG;
				SWIFT_OPTIMIZATION_LEVEL = "-Onone";
			};
			name = Debug;
		};
		176AC5CC242C6C61008DBCAA /* Release */ = {
			isa = XCBuildConfiguration;
			buildSettings = {
				ALWAYS_SEARCH_USER_PATHS = NO;
				CLANG_ANALYZER_NONNULL = YES;
				CLANG_ANALYZER_NUMBER_OBJECT_CONVERSION = YES_AGGRESSIVE;
				CLANG_CXX_LANGUAGE_STANDARD = "gnu++14";
				CLANG_CXX_LIBRARY = "libc++";
				CLANG_ENABLE_MODULES = YES;
				CLANG_ENABLE_OBJC_ARC = YES;
				CLANG_ENABLE_OBJC_WEAK = YES;
				CLANG_WARN_BLOCK_CAPTURE_AUTORELEASING = YES;
				CLANG_WARN_BOOL_CONVERSION = YES;
				CLANG_WARN_COMMA = YES;
				CLANG_WARN_CONSTANT_CONVERSION = YES;
				CLANG_WARN_DEPRECATED_OBJC_IMPLEMENTATIONS = YES;
				CLANG_WARN_DIRECT_OBJC_ISA_USAGE = YES_ERROR;
				CLANG_WARN_DOCUMENTATION_COMMENTS = YES;
				CLANG_WARN_EMPTY_BODY = YES;
				CLANG_WARN_ENUM_CONVERSION = YES;
				CLANG_WARN_INFINITE_RECURSION = YES;
				CLANG_WARN_INT_CONVERSION = YES;
				CLANG_WARN_NON_LITERAL_NULL_CONVERSION = YES;
				CLANG_WARN_OBJC_IMPLICIT_RETAIN_SELF = YES;
				CLANG_WARN_OBJC_LITERAL_CONVERSION = YES;
				CLANG_WARN_OBJC_ROOT_CLASS = YES_ERROR;
				CLANG_WARN_RANGE_LOOP_ANALYSIS = YES;
				CLANG_WARN_STRICT_PROTOTYPES = YES;
				CLANG_WARN_SUSPICIOUS_MOVE = YES;
				CLANG_WARN_UNGUARDED_AVAILABILITY = YES_AGGRESSIVE;
				CLANG_WARN_UNREACHABLE_CODE = YES;
				CLANG_WARN__DUPLICATE_METHOD_MATCH = YES;
				COPY_PHASE_STRIP = NO;
				DEBUG_INFORMATION_FORMAT = "dwarf-with-dsym";
				ENABLE_NS_ASSERTIONS = NO;
				ENABLE_STRICT_OBJC_MSGSEND = YES;
				GCC_C_LANGUAGE_STANDARD = gnu11;
				GCC_NO_COMMON_BLOCKS = YES;
				GCC_WARN_64_TO_32_BIT_CONVERSION = YES;
				GCC_WARN_ABOUT_RETURN_TYPE = YES_ERROR;
				GCC_WARN_UNDECLARED_SELECTOR = YES;
				GCC_WARN_UNINITIALIZED_AUTOS = YES_AGGRESSIVE;
				GCC_WARN_UNUSED_FUNCTION = YES;
				GCC_WARN_UNUSED_VARIABLE = YES;
				IPHONEOS_DEPLOYMENT_TARGET = 13.0;
				MTL_ENABLE_DEBUG_INFO = NO;
				MTL_FAST_MATH = YES;
				SDKROOT = iphoneos;
				SWIFT_COMPILATION_MODE = wholemodule;
				SWIFT_OPTIMIZATION_LEVEL = "-O";
				VALIDATE_PRODUCT = YES;
			};
			name = Release;
		};
		176AC5CE242C6C61008DBCAA /* Debug */ = {
			isa = XCBuildConfiguration;
			baseConfigurationReference = D123CEE891A683AD733A888A /* Pods-Catalogr.debug.xcconfig */;
			buildSettings = {
				ASSETCATALOG_COMPILER_APPICON_NAME = AppIcon;
				CODE_SIGN_STYLE = Automatic;
				DEVELOPMENT_TEAM = Z56Y5TUHBT;
				INFOPLIST_FILE = Catalogr/Info.plist;
				LD_RUNPATH_SEARCH_PATHS = (
					"$(inherited)",
					"@executable_path/Frameworks",
				);
				PRODUCT_BUNDLE_IDENTIFIER = com.jfeigel.Catalogr;
				PRODUCT_NAME = "$(TARGET_NAME)";
				SWIFT_VERSION = 5.0;
				TARGETED_DEVICE_FAMILY = "1,2";
			};
			name = Debug;
		};
		176AC5CF242C6C61008DBCAA /* Release */ = {
			isa = XCBuildConfiguration;
			baseConfigurationReference = 64541992B9E8F582B3DB0DCE /* Pods-Catalogr.release.xcconfig */;
			buildSettings = {
				ASSETCATALOG_COMPILER_APPICON_NAME = AppIcon;
				CODE_SIGN_STYLE = Automatic;
				DEVELOPMENT_TEAM = Z56Y5TUHBT;
				INFOPLIST_FILE = Catalogr/Info.plist;
				LD_RUNPATH_SEARCH_PATHS = (
					"$(inherited)",
					"@executable_path/Frameworks",
				);
				PRODUCT_BUNDLE_IDENTIFIER = com.jfeigel.Catalogr;
				PRODUCT_NAME = "$(TARGET_NAME)";
				SWIFT_VERSION = 5.0;
				TARGETED_DEVICE_FAMILY = "1,2";
			};
			name = Release;
		};
		176AC5D1242C6C61008DBCAA /* Debug */ = {
			isa = XCBuildConfiguration;
			buildSettings = {
				ALWAYS_EMBED_SWIFT_STANDARD_LIBRARIES = YES;
				BUNDLE_LOADER = "$(TEST_HOST)";
				CODE_SIGN_STYLE = Automatic;
				DEVELOPMENT_TEAM = Z56Y5TUHBT;
				INFOPLIST_FILE = CatalogrTests/Info.plist;
				IPHONEOS_DEPLOYMENT_TARGET = 13.4;
				LD_RUNPATH_SEARCH_PATHS = (
					"$(inherited)",
					"@executable_path/Frameworks",
					"@loader_path/Frameworks",
				);
				PRODUCT_BUNDLE_IDENTIFIER = com.jfeigel.CatalogrTests;
				PRODUCT_NAME = "$(TARGET_NAME)";
				SWIFT_VERSION = 5.0;
				TARGETED_DEVICE_FAMILY = "1,2";
				TEST_HOST = "$(BUILT_PRODUCTS_DIR)/Catalogr.app/Catalogr";
			};
			name = Debug;
		};
		176AC5D2242C6C61008DBCAA /* Release */ = {
			isa = XCBuildConfiguration;
			buildSettings = {
				ALWAYS_EMBED_SWIFT_STANDARD_LIBRARIES = YES;
				BUNDLE_LOADER = "$(TEST_HOST)";
				CODE_SIGN_STYLE = Automatic;
				DEVELOPMENT_TEAM = Z56Y5TUHBT;
				INFOPLIST_FILE = CatalogrTests/Info.plist;
				IPHONEOS_DEPLOYMENT_TARGET = 13.4;
				LD_RUNPATH_SEARCH_PATHS = (
					"$(inherited)",
					"@executable_path/Frameworks",
					"@loader_path/Frameworks",
				);
				PRODUCT_BUNDLE_IDENTIFIER = com.jfeigel.CatalogrTests;
				PRODUCT_NAME = "$(TARGET_NAME)";
				SWIFT_VERSION = 5.0;
				TARGETED_DEVICE_FAMILY = "1,2";
				TEST_HOST = "$(BUILT_PRODUCTS_DIR)/Catalogr.app/Catalogr";
			};
			name = Release;
		};
		176AC5D4242C6C61008DBCAA /* Debug */ = {
			isa = XCBuildConfiguration;
			buildSettings = {
				ALWAYS_EMBED_SWIFT_STANDARD_LIBRARIES = YES;
				CODE_SIGN_STYLE = Automatic;
				DEVELOPMENT_TEAM = Z56Y5TUHBT;
				INFOPLIST_FILE = CatalogrUITests/Info.plist;
				LD_RUNPATH_SEARCH_PATHS = (
					"$(inherited)",
					"@executable_path/Frameworks",
					"@loader_path/Frameworks",
				);
				PRODUCT_BUNDLE_IDENTIFIER = com.jfeigel.CatalogrUITests;
				PRODUCT_NAME = "$(TARGET_NAME)";
				SWIFT_VERSION = 5.0;
				TARGETED_DEVICE_FAMILY = "1,2";
				TEST_TARGET_NAME = Catalogr;
			};
			name = Debug;
		};
		176AC5D5242C6C61008DBCAA /* Release */ = {
			isa = XCBuildConfiguration;
			buildSettings = {
				ALWAYS_EMBED_SWIFT_STANDARD_LIBRARIES = YES;
				CODE_SIGN_STYLE = Automatic;
				DEVELOPMENT_TEAM = Z56Y5TUHBT;
				INFOPLIST_FILE = CatalogrUITests/Info.plist;
				LD_RUNPATH_SEARCH_PATHS = (
					"$(inherited)",
					"@executable_path/Frameworks",
					"@loader_path/Frameworks",
				);
				PRODUCT_BUNDLE_IDENTIFIER = com.jfeigel.CatalogrUITests;
				PRODUCT_NAME = "$(TARGET_NAME)";
				SWIFT_VERSION = 5.0;
				TARGETED_DEVICE_FAMILY = "1,2";
				TEST_TARGET_NAME = Catalogr;
			};
			name = Release;
		};
/* End XCBuildConfiguration section */

/* Begin XCConfigurationList section */
		176AC599242C6C5F008DBCAA /* Build configuration list for PBXProject "Catalogr" */ = {
			isa = XCConfigurationList;
			buildConfigurations = (
				176AC5CB242C6C61008DBCAA /* Debug */,
				176AC5CC242C6C61008DBCAA /* Release */,
			);
			defaultConfigurationIsVisible = 0;
			defaultConfigurationName = Release;
		};
		176AC5CD242C6C61008DBCAA /* Build configuration list for PBXNativeTarget "Catalogr" */ = {
			isa = XCConfigurationList;
			buildConfigurations = (
				176AC5CE242C6C61008DBCAA /* Debug */,
				176AC5CF242C6C61008DBCAA /* Release */,
			);
			defaultConfigurationIsVisible = 0;
			defaultConfigurationName = Release;
		};
		176AC5D0242C6C61008DBCAA /* Build configuration list for PBXNativeTarget "CatalogrTests" */ = {
			isa = XCConfigurationList;
			buildConfigurations = (
				176AC5D1242C6C61008DBCAA /* Debug */,
				176AC5D2242C6C61008DBCAA /* Release */,
			);
			defaultConfigurationIsVisible = 0;
			defaultConfigurationName = Release;
		};
		176AC5D3242C6C61008DBCAA /* Build configuration list for PBXNativeTarget "CatalogrUITests" */ = {
			isa = XCConfigurationList;
			buildConfigurations = (
				176AC5D4242C6C61008DBCAA /* Debug */,
				176AC5D5242C6C61008DBCAA /* Release */,
			);
			defaultConfigurationIsVisible = 0;
			defaultConfigurationName = Release;
		};
/* End XCConfigurationList section */

/* Begin XCVersionGroup section */
		176AC5AC242C6C5F008DBCAA /* Catalogr.xcdatamodeld */ = {
			isa = XCVersionGroup;
			children = (
				176AC5AD242C6C5F008DBCAA /* Catalogr.xcdatamodel */,
			);
			currentVersion = 176AC5AD242C6C5F008DBCAA /* Catalogr.xcdatamodel */;
			path = Catalogr.xcdatamodeld;
			sourceTree = "<group>";
			versionGroupType = wrapper.xcdatamodel;
		};
/* End XCVersionGroup section */
	};
	rootObject = 176AC596242C6C5F008DBCAA /* Project object */;
}
